
Microsoft Visual Studio Solution File, Format Version 12.00
# Visual Studio Version 16
VisualStudioVersion = 16.0.33130.400
MinimumVisualStudioVersion = 10.0.40219.1
Project("{9A19103F-16F7-4668-BE54-9A1E7A4F7556}") = "Task54", "Task54\Task54.csproj", "{01EF7D9C-5602-4371-8699-558241AE645C}"
EndProject
Project("{FAE04EC0-301F-11D3-BF4B-00C04F79EFBC}") = "Task56", "Task56\Task56.csproj", "{51FE43AF-7677-4036-983E-2A76246B4BB5}"
EndProject
Global
	GlobalSection(SolutionConfigurationPlatforms) = preSolution
		Debug|Any CPU = Debug|Any CPU
		Release|Any CPU = Release|Any CPU
	EndGlobalSection
	GlobalSection(ProjectConfigurationPlatforms) = postSolution
		{01EF7D9C-5602-4371-8699-558241AE645C}.Debug|Any CPU.ActiveCfg = Debug|Any CPU
		{01EF7D9C-5602-4371-8699-558241AE645C}.Debug|Any CPU.Build.0 = Debug|Any CPU
		{01EF7D9C-5602-4371-8699-558241AE645C}.Release|Any CPU.ActiveCfg = Release|Any CPU
		{01EF7D9C-5602-4371-8699-558241AE645C}.Release|Any CPU.Build.0 = Release|Any CPU
		{51FE43AF-7677-4036-983E-2A76246B4BB5}.Debug|Any CPU.ActiveCfg = Debug|Any CPU
		{51FE43AF-7677-4036-983E-2A76246B4BB5}.Debug|Any CPU.Build.0 = Debug|Any CPU
		{51FE43AF-7677-4036-983E-2A76246B4BB5}.Release|Any CPU.ActiveCfg = Release|Any CPU
		{51FE43AF-7677-4036-983E-2A76246B4BB5}.Release|Any CPU.Build.0 = Release|Any CPU
	EndGlobalSection
	GlobalSection(SolutionProperties) = preSolution
		HideSolutionNode = FALSE
	EndGlobalSection
	GlobalSection(ExtensibilityGlobals) = postSolution
		SolutionGuid = {9A68C2DC-E015-4D2B-A49B-351C54368D21}
	EndGlobalSection
EndGlobal
